
Microsoft Visual Studio Solution File, Format Version 12.00
# Visual Studio Version 16
VisualStudioVersion = 16.0.32126.315
MinimumVisualStudioVersion = 10.0.40219.1
Project("{FAE04EC0-301F-11D3-BF4B-00C04F79EFBC}") = "Backend2", "Backend2\Backend2.csproj", "{345D527E-D6F9-4AB5-BB07-0720FA50920A}"
EndProject
Global
	GlobalSection(SolutionConfigurationPlatforms) = preSolution
		Debug|Any CPU = Debug|Any CPU
		Release|Any CPU = Release|Any CPU
	EndGlobalSection
	GlobalSection(ProjectConfigurationPlatforms) = postSolution
		{345D527E-D6F9-4AB5-BB07-0720FA50920A}.Debug|Any CPU.ActiveCfg = Debug|Any CPU
		{345D527E-D6F9-4AB5-BB07-0720FA50920A}.Debug|Any CPU.Build.0 = Debug|Any CPU
		{345D527E-D6F9-4AB5-BB07-0720FA50920A}.Release|Any CPU.ActiveCfg = Release|Any CPU
		{345D527E-D6F9-4AB5-BB07-0720FA50920A}.Release|Any CPU.Build.0 = Release|Any CPU
	EndGlobalSection
	GlobalSection(SolutionProperties) = preSolution
		HideSolutionNode = FALSE
	EndGlobalSection
	GlobalSection(ExtensibilityGlobals) = postSolution
		SolutionGuid = {85DEDDD6-DB22-4076-AF7E-366524D78C8D}
	EndGlobalSection
EndGlobal
